
Microsoft Visual Studio Solution File, Format Version 12.00
# Visual Studio Version 17
VisualStudioVersion = 17.4.33205.214
MinimumVisualStudioVersion = 10.0.40219.1
Project("{FAE04EC0-301F-11D3-BF4B-00C04F79EFBC}") = "SpotifyMigrator.Server", "SpotifyMigrator\Server\SpotifyMigrator.Server.csproj", "{9B271A4A-8F60-4AC2-AA1E-C60250D917BB}"
EndProject
Project("{FAE04EC0-301F-11D3-BF4B-00C04F79EFBC}") = "SpotifyMigrator.Client", "SpotifyMigrator\Client\SpotifyMigrator.Client.csproj", "{C7017DAA-8CDD-4BCB-AC50-38E0C1DE2B17}"
EndProject
Project("{FAE04EC0-301F-11D3-BF4B-00C04F79EFBC}") = "SpotifyMigrator.Shared", "SpotifyMigrator\Shared\SpotifyMigrator.Shared.csproj", "{89698DF9-F45B-4678-B894-7547DB059970}"
EndProject
Global
	GlobalSection(SolutionConfigurationPlatforms) = preSolution
		Debug|Any CPU = Debug|Any CPU
		Release|Any CPU = Release|Any CPU
	EndGlobalSection
	GlobalSection(ProjectConfigurationPlatforms) = postSolution
		{9B271A4A-8F60-4AC2-AA1E-C60250D917BB}.Debug|Any CPU.ActiveCfg = Debug|Any CPU
		{9B271A4A-8F60-4AC2-AA1E-C60250D917BB}.Debug|Any CPU.Build.0 = Debug|Any CPU
		{9B271A4A-8F60-4AC2-AA1E-C60250D917BB}.Release|Any CPU.ActiveCfg = Release|Any CPU
		{9B271A4A-8F60-4AC2-AA1E-C60250D917BB}.Release|Any CPU.Build.0 = Release|Any CPU
		{C7017DAA-8CDD-4BCB-AC50-38E0C1DE2B17}.Debug|Any CPU.ActiveCfg = Debug|Any CPU
		{C7017DAA-8CDD-4BCB-AC50-38E0C1DE2B17}.Debug|Any CPU.Build.0 = Debug|Any CPU
		{C7017DAA-8CDD-4BCB-AC50-38E0C1DE2B17}.Release|Any CPU.ActiveCfg = Release|Any CPU
		{C7017DAA-8CDD-4BCB-AC50-38E0C1DE2B17}.Release|Any CPU.Build.0 = Release|Any CPU
		{89698DF9-F45B-4678-B894-7547DB059970}.Debug|Any CPU.ActiveCfg = Debug|Any CPU
		{89698DF9-F45B-4678-B894-7547DB059970}.Debug|Any CPU.Build.0 = Debug|Any CPU
		{89698DF9-F45B-4678-B894-7547DB059970}.Release|Any CPU.ActiveCfg = Release|Any CPU
		{89698DF9-F45B-4678-B894-7547DB059970}.Release|Any CPU.Build.0 = Release|Any CPU
	EndGlobalSection
	GlobalSection(SolutionProperties) = preSolution
		HideSolutionNode = FALSE
	EndGlobalSection
	GlobalSection(ExtensibilityGlobals) = postSolution
		SolutionGuid = {6809A768-FF6A-4593-8A85-E8439DCD0141}
	EndGlobalSection
EndGlobal
